
Microsoft Visual Studio Solution File, Format Version 12.00
Project("{FAE04EC0-301F-11D3-BF4B-00C04F79EFBC}") = "McSync", "McSync\McSync.csproj", "{0D28F76D-0BFC-40D7-9E49-8D0A6E3158CD}"
EndProject
Global
	GlobalSection(SolutionConfigurationPlatforms) = preSolution
		Debug|Any CPU = Debug|Any CPU
		Release|Any CPU = Release|Any CPU
	EndGlobalSection
	GlobalSection(ProjectConfigurationPlatforms) = postSolution
		{0D28F76D-0BFC-40D7-9E49-8D0A6E3158CD}.Debug|Any CPU.ActiveCfg = Debug|Any CPU
		{0D28F76D-0BFC-40D7-9E49-8D0A6E3158CD}.Debug|Any CPU.Build.0 = Debug|Any CPU
		{0D28F76D-0BFC-40D7-9E49-8D0A6E3158CD}.Release|Any CPU.ActiveCfg = Release|Any CPU
		{0D28F76D-0BFC-40D7-9E49-8D0A6E3158CD}.Release|Any CPU.Build.0 = Release|Any CPU
	EndGlobalSection
EndGlobal
